
Microsoft Visual Studio Solution File, Format Version 12.00
# Visual Studio Version 17
VisualStudioVersion = 17.0.31903.59
MinimumVisualStudioVersion = 10.0.40219.1
Project("{FAE04EC0-301F-11D3-BF4B-00C04F79EFBC}") = "FinancialPortfolioSystem.Domain", "FinancialPortfolioSystem.Domain\FinancialPortfolioSystem.Domain.csproj", "{6512A84A-1D63-FD3C-8D8F-E574042C8F78}"
EndProject
Project("{FAE04EC0-301F-11D3-BF4B-00C04F79EFBC}") = "FinancialPortfolioSystem.Application", "FinancialPortfolioSystem.Application\FinancialPortfolioSystem.Application.csproj", "{AEF35164-326E-5216-B4AD-4E476A92D6D0}"
EndProject
Project("{FAE04EC0-301F-11D3-BF4B-00C04F79EFBC}") = "FinancialPortfolioSystem.Infrastructure", "FinancialPortfolioSystem.Infrastructure\FinancialPortfolioSystem.Infrastructure.csproj", "{7BD0AAA3-A848-4BFD-58EF-5C25B770F8FF}"
EndProject
Project("{FAE04EC0-301F-11D3-BF4B-00C04F79EFBC}") = "FinancialPortfolioSystem.Web", "FinancialPortfolioSystem.Web\FinancialPortfolioSystem.Web.csproj", "{B8FF02E8-734F-4D5B-A159-B0272C66DAEC}"
EndProject
Project("{FAE04EC0-301F-11D3-BF4B-00C04F79EFBC}") = "FinancialPortfolioSystem.Startup", "FinancialPortfolioSystem.Startup\FinancialPortfolioSystem.Startup.csproj", "{821079E5-F056-4CBF-8CE7-D9D83B982102}"
EndProject
Global
	GlobalSection(SolutionConfigurationPlatforms) = preSolution
		Debug|Any CPU = Debug|Any CPU
		Release|Any CPU = Release|Any CPU
	EndGlobalSection
	GlobalSection(ProjectConfigurationPlatforms) = postSolution
		{6512A84A-1D63-FD3C-8D8F-E574042C8F78}.Debug|Any CPU.ActiveCfg = Debug|Any CPU
		{6512A84A-1D63-FD3C-8D8F-E574042C8F78}.Debug|Any CPU.Build.0 = Debug|Any CPU
		{6512A84A-1D63-FD3C-8D8F-E574042C8F78}.Release|Any CPU.ActiveCfg = Release|Any CPU
		{6512A84A-1D63-FD3C-8D8F-E574042C8F78}.Release|Any CPU.Build.0 = Release|Any CPU
		{AEF35164-326E-5216-B4AD-4E476A92D6D0}.Debug|Any CPU.ActiveCfg = Debug|Any CPU
		{AEF35164-326E-5216-B4AD-4E476A92D6D0}.Debug|Any CPU.Build.0 = Debug|Any CPU
		{AEF35164-326E-5216-B4AD-4E476A92D6D0}.Release|Any CPU.ActiveCfg = Release|Any CPU
		{AEF35164-326E-5216-B4AD-4E476A92D6D0}.Release|Any CPU.Build.0 = Release|Any CPU
		{7BD0AAA3-A848-4BFD-58EF-5C25B770F8FF}.Debug|Any CPU.ActiveCfg = Debug|Any CPU
		{7BD0AAA3-A848-4BFD-58EF-5C25B770F8FF}.Debug|Any CPU.Build.0 = Debug|Any CPU
		{7BD0AAA3-A848-4BFD-58EF-5C25B770F8FF}.Release|Any CPU.ActiveCfg = Release|Any CPU
		{7BD0AAA3-A848-4BFD-58EF-5C25B770F8FF}.Release|Any CPU.Build.0 = Release|Any CPU
		{B8FF02E8-734F-4D5B-A159-B0272C66DAEC}.Debug|Any CPU.ActiveCfg = Debug|Any CPU
		{B8FF02E8-734F-4D5B-A159-B0272C66DAEC}.Debug|Any CPU.Build.0 = Debug|Any CPU
		{B8FF02E8-734F-4D5B-A159-B0272C66DAEC}.Release|Any CPU.ActiveCfg = Release|Any CPU
		{B8FF02E8-734F-4D5B-A159-B0272C66DAEC}.Release|Any CPU.Build.0 = Release|Any CPU
		{821079E5-F056-4CBF-8CE7-D9D83B982102}.Debug|Any CPU.ActiveCfg = Debug|Any CPU
		{821079E5-F056-4CBF-8CE7-D9D83B982102}.Debug|Any CPU.Build.0 = Debug|Any CPU
		{821079E5-F056-4CBF-8CE7-D9D83B982102}.Release|Any CPU.ActiveCfg = Release|Any CPU
		{821079E5-F056-4CBF-8CE7-D9D83B982102}.Release|Any CPU.Build.0 = Release|Any CPU
	EndGlobalSection
	GlobalSection(SolutionProperties) = preSolution
		HideSolutionNode = FALSE
	EndGlobalSection
	GlobalSection(ExtensibilityGlobals) = postSolution
		SolutionGuid = {B40C21A2-B016-44FA-A5EB-72D414DC6D98}
	EndGlobalSection
EndGlobal
